
Microsoft Visual Studio Solution File, Format Version 12.00
# Visual Studio 15
VisualStudioVersion = 15.0.27703.2026
MinimumVisualStudioVersion = 10.0.40219.1
Project("{FAE04EC0-301F-11D3-BF4B-00C04F79EFBC}") = "Log4NetApp", "Log4NetApp\Log4NetApp.csproj", "{AED820F4-0F23-4B41-BC0B-A6F3B0988943}"
EndProject
Global
	GlobalSection(SolutionConfigurationPlatforms) = preSolution
		Debug|Any CPU = Debug|Any CPU
		Release|Any CPU = Release|Any CPU
	EndGlobalSection
	GlobalSection(ProjectConfigurationPlatforms) = postSolution
		{AED820F4-0F23-4B41-BC0B-A6F3B0988943}.Debug|Any CPU.ActiveCfg = Debug|Any CPU
		{AED820F4-0F23-4B41-BC0B-A6F3B0988943}.Debug|Any CPU.Build.0 = Debug|Any CPU
		{AED820F4-0F23-4B41-BC0B-A6F3B0988943}.Release|Any CPU.ActiveCfg = Release|Any CPU
		{AED820F4-0F23-4B41-BC0B-A6F3B0988943}.Release|Any CPU.Build.0 = Release|Any CPU
	EndGlobalSection
	GlobalSection(SolutionProperties) = preSolution
		HideSolutionNode = FALSE
	EndGlobalSection
	GlobalSection(ExtensibilityGlobals) = postSolution
		SolutionGuid = {4665EFB1-7019-4C88-9845-C58CF5B3B2B4}
	EndGlobalSection
EndGlobal
